// !$*UTF8*$!
{
	archiveVersion = 1;
	classes = {
	};
	objectVersion = 55;
	objects = {

/* Begin PBXBuildFile section */
		7D73896227D4C74B00993B41 /* StartLogoApp.swift in Sources */ = {isa = PBXBuildFile; fileRef = 7D73896127D4C74B00993B41 /* StartLogoApp.swift */; };
		7D73896427D4C74B00993B41 /* StartView.swift in Sources */ = {isa = PBXBuildFile; fileRef = 7D73896327D4C74B00993B41 /* StartView.swift */; };
		7D73896627D4C74C00993B41 /* Assets.xcassets in Resources */ = {isa = PBXBuildFile; fileRef = 7D73896527D4C74C00993B41 /* Assets.xcassets */; };
		7D73896927D4C74C00993B41 /* Preview Assets.xcassets in Resources */ = {isa = PBXBuildFile; fileRef = 7D73896827D4C74C00993B41 /* Preview Assets.xcassets */; };
		7D73897027D4C87200993B41 /* MyLogo.swift in Sources */ = {isa = PBXBuildFile; fileRef = 7D73896F27D4C87200993B41 /* MyLogo.swift */; };
		7D73897427D5433400993B41 /* MainView.swift in Sources */ = {isa = PBXBuildFile; fileRef = 7D73897327D5433400993B41 /* MainView.swift */; };
		7D73897627D5434900993B41 /* AwardsView.swift in Sources */ = {isa = PBXBuildFile; fileRef = 7D73897527D5434900993B41 /* AwardsView.swift */; };
		7D73897827D5439500993B41 /* GradientRectangles.swift in Sources */ = {isa = PBXBuildFile; fileRef = 7D73897727D5439400993B41 /* GradientRectangles.swift */; };
		7D73897A27D543B000993B41 /* PathView.swift in Sources */ = {isa = PBXBuildFile; fileRef = 7D73897927D543B000993B41 /* PathView.swift */; };
		7D73897C27D543BF00993B41 /* CurvesView.swift in Sources */ = {isa = PBXBuildFile; fileRef = 7D73897B27D543BF00993B41 /* CurvesView.swift */; };
/* End PBXBuildFile section */

/* Begin PBXFileReference section */
		7D73895E27D4C74B00993B41 /* StartLogo.app */ = {isa = PBXFileReference; explicitFileType = wrapper.application; includeInIndex = 0; path = StartLogo.app; sourceTree = BUILT_PRODUCTS_DIR; };
		7D73896127D4C74B00993B41 /* StartLogoApp.swift */ = {isa = PBXFileReference; lastKnownFileType = sourcecode.swift; path = StartLogoApp.swift; sourceTree = "<group>"; };
		7D73896327D4C74B00993B41 /* StartView.swift */ = {isa = PBXFileReference; lastKnownFileType = sourcecode.swift; path = StartView.swift; sourceTree = "<group>"; };
		7D73896527D4C74C00993B41 /* Assets.xcassets */ = {isa = PBXFileReference; lastKnownFileType = folder.assetcatalog; path = Assets.xcassets; sourceTree = "<group>"; };
		7D73896827D4C74C00993B41 /* Preview Assets.xcassets */ = {isa = PBXFileReference; lastKnownFileType = folder.assetcatalog; path = "Preview Assets.xcassets"; sourceTree = "<group>"; };
		7D73896F27D4C87200993B41 /* MyLogo.swift */ = {isa = PBXFileReference; lastKnownFileType = sourcecode.swift; path = MyLogo.swift; sourceTree = "<group>"; };
		7D73897327D5433400993B41 /* MainView.swift */ = {isa = PBXFileReference; fileEncoding = 4; lastKnownFileType = sourcecode.swift; path = MainView.swift; sourceTree = "<group>"; };
		7D73897527D5434900993B41 /* AwardsView.swift */ = {isa = PBXFileReference; fileEncoding = 4; lastKnownFileType = sourcecode.swift; path = AwardsView.swift; sourceTree = "<group>"; };
		7D73897727D5439400993B41 /* GradientRectangles.swift */ = {isa = PBXFileReference; fileEncoding = 4; lastKnownFileType = sourcecode.swift; path = GradientRectangles.swift; sourceTree = "<group>"; };
		7D73897927D543B000993B41 /* PathView.swift */ = {isa = PBXFileReference; fileEncoding = 4; lastKnownFileType = sourcecode.swift; path = PathView.swift; sourceTree = "<group>"; };
		7D73897B27D543BF00993B41 /* CurvesView.swift */ = {isa = PBXFileReference; fileEncoding = 4; lastKnownFileType = sourcecode.swift; path = CurvesView.swift; sourceTree = "<group>"; };
/* End PBXFileReference section */

/* Begin PBXFrameworksBuildPhase section */
		7D73895B27D4C74B00993B41 /* Frameworks */ = {
			isa = PBXFrameworksBuildPhase;
			buildActionMask = 2147483647;
			files = (
			);
			runOnlyForDeploymentPostprocessing = 0;
		};
/* End PBXFrameworksBuildPhase section */

/* Begin PBXGroup section */
		7D73895527D4C74B00993B41 = {
			isa = PBXGroup;
			children = (
				7D73896027D4C74B00993B41 /* StartLogo */,
				7D73895F27D4C74B00993B41 /* Products */,
			);
			sourceTree = "<group>";
		};
		7D73895F27D4C74B00993B41 /* Products */ = {
			isa = PBXGroup;
			children = (
				7D73895E27D4C74B00993B41 /* StartLogo.app */,
			);
			name = Products;
			sourceTree = "<group>";
		};
		7D73896027D4C74B00993B41 /* StartLogo */ = {
			isa = PBXGroup;
			children = (
				7D73896127D4C74B00993B41 /* StartLogoApp.swift */,
				7D73896327D4C74B00993B41 /* StartView.swift */,
				7D73897527D5434900993B41 /* AwardsView.swift */,
				7D73897327D5433400993B41 /* MainView.swift */,
				7D73897727D5439400993B41 /* GradientRectangles.swift */,
				7D73897927D543B000993B41 /* PathView.swift */,
				7D73897B27D543BF00993B41 /* CurvesView.swift */,
				7D73896F27D4C87200993B41 /* MyLogo.swift */,
				7D73896527D4C74C00993B41 /* Assets.xcassets */,
				7D73896727D4C74C00993B41 /* Preview Content */,
			);
			path = StartLogo;
			sourceTree = "<group>";
		};
		7D73896727D4C74C00993B41 /* Preview Content */ = {
			isa = PBXGroup;
			children = (
				7D73896827D4C74C00993B41 /* Preview Assets.xcassets */,
			);
			path = "Preview Content";
			sourceTree = "<group>";
		};
/* End PBXGroup section */

/* Begin PBXNativeTarget section */
		7D73895D27D4C74B00993B41 /* StartLogo */ = {
			isa = PBXNativeTarget;
			buildConfigurationList = 7D73896C27D4C74C00993B41 /* Build configuration list for PBXNativeTarget "StartLogo" */;
			buildPhases = (
				7D73895A27D4C74B00993B41 /* Sources */,
				7D73895B27D4C74B00993B41 /* Frameworks */,
				7D73895C27D4C74B00993B41 /* Resources */,
			);
			buildRules = (
			);
			dependencies = (
			);
			name = StartLogo;
			productName = StartLogo;
			productReference = 7D73895E27D4C74B00993B41 /* StartLogo.app */;
			productType = "com.apple.product-type.application";
		};
/* End PBXNativeTarget section */

/* Begin PBXProject section */
		7D73895627D4C74B00993B41 /* Project object */ = {
			isa = PBXProject;
			attributes = {
				BuildIndependentTargetsInParallel = 1;
				LastSwiftUpdateCheck = 1320;
				LastUpgradeCheck = 1320;
				TargetAttributes = {
					7D73895D27D4C74B00993B41 = {
						CreatedOnToolsVersion = 13.2.1;
					};
				};
			};
			buildConfigurationList = 7D73895927D4C74B00993B41 /* Build configuration list for PBXProject "StartLogo" */;
			compatibilityVersion = "Xcode 13.0";
			developmentRegion = en;
			hasScannedForEncodings = 0;
			knownRegions = (
				en,
				Base,
			);
			mainGroup = 7D73895527D4C74B00993B41;
			productRefGroup = 7D73895F27D4C74B00993B41 /* Products */;
			projectDirPath = "";
			projectRoot = "";
			targets = (
				7D73895D27D4C74B00993B41 /* StartLogo */,
			);
		};
/* End PBXProject section */

/* Begin PBXResourcesBuildPhase section */
		7D73895C27D4C74B00993B41 /* Resources */ = {
			isa = PBXResourcesBuildPhase;
			buildActionMask = 2147483647;
			files = (
				7D73896927D4C74C00993B41 /* Preview Assets.xcassets in Resources */,
				7D73896627D4C74C00993B41 /* Assets.xcassets in Resources */,
			);
			runOnlyForDeploymentPostprocessing = 0;
		};
/* End PBXResourcesBuildPhase section */

/* Begin PBXSourcesBuildPhase section */
		7D73895A27D4C74B00993B41 /* Sources */ = {
			isa = PBXSourcesBuildPhase;
			buildActionMask = 2147483647;
			files = (
				7D73896427D4C74B00993B41 /* StartView.swift in Sources */,
				7D73897A27D543B000993B41 /* PathView.swift in Sources */,
				7D73896227D4C74B00993B41 /* StartLogoApp.swift in Sources */,
				7D73897827D5439500993B41 /* GradientRectangles.swift in Sources */,
				7D73897627D5434900993B41 /* AwardsView.swift in Sources */,
				7D73897C27D543BF00993B41 /* CurvesView.swift in Sources */,
				7D73897427D5433400993B41 /* MainView.swift in Sources */,
				7D73897027D4C87200993B41 /* MyLogo.swift in Sources */,
			);
			runOnlyForDeploymentPostprocessing = 0;
		};
/* End PBXSourcesBuildPhase section */

/* Begin XCBuildConfiguration section */
		7D73896A27D4C74C00993B41 /* Debug */ = {
			isa = XCBuildConfiguration;
			buildSettings = {
				ALWAYS_SEARCH_USER_PATHS = NO;
				CLANG_ANALYZER_NONNULL = YES;
				CLANG_ANALYZER_NUMBER_OBJECT_CONVERSION = YES_AGGRESSIVE;
				CLANG_CXX_LANGUAGE_STANDARD = "gnu++17";
				CLANG_CXX_LIBRARY = "libc++";
				CLANG_ENABLE_MODULES = YES;
				CLANG_ENABLE_OBJC_ARC = YES;
				CLANG_ENABLE_OBJC_WEAK = YES;
				CLANG_WARN_BLOCK_CAPTURE_AUTORELEASING = YES;
				CLANG_WARN_BOOL_CONVERSION = YES;
				CLANG_WARN_COMMA = YES;
				CLANG_WARN_CONSTANT_CONVERSION = YES;
				CLANG_WARN_DEPRECATED_OBJC_IMPLEMENTATIONS = YES;
				CLANG_WARN_DIRECT_OBJC_ISA_USAGE = YES_ERROR;
				CLANG_WARN_DOCUMENTATION_COMMENTS = YES;
				CLANG_WARN_EMPTY_BODY = YES;
				CLANG_WARN_ENUM_CONVERSION = YES;
				CLANG_WARN_INFINITE_RECURSION = YES;
				CLANG_WARN_INT_CONVERSION = YES;
				CLANG_WARN_NON_LITERAL_NULL_CONVERSION = YES;
				CLANG_WARN_OBJC_IMPLICIT_RETAIN_SELF = YES;
				CLANG_WARN_OBJC_LITERAL_CONVERSION = YES;
				CLANG_WARN_OBJC_ROOT_CLASS = YES_ERROR;
				CLANG_WARN_QUOTED_INCLUDE_IN_FRAMEWORK_HEADER = YES;
				CLANG_WARN_RANGE_LOOP_ANALYSIS = YES;
				CLANG_WARN_STRICT_PROTOTYPES = YES;
				CLANG_WARN_SUSPICIOUS_MOVE = YES;
				CLANG_WARN_UNGUARDED_AVAILABILITY = YES_AGGRESSIVE;
				CLANG_WARN_UNREACHABLE_CODE = YES;
				CLANG_WARN__DUPLICATE_METHOD_MATCH = YES;
				COPY_PHASE_STRIP = NO;
				DEBUG_INFORMATION_FORMAT = dwarf;
				ENABLE_STRICT_OBJC_MSGSEND = YES;
				ENABLE_TESTABILITY = YES;
				GCC_C_LANGUAGE_STANDARD = gnu11;
				GCC_DYNAMIC_NO_PIC = NO;
				GCC_NO_COMMON_BLOCKS = YES;
				GCC_OPTIMIZATION_LEVEL = 0;
				GCC_PREPROCESSOR_DEFINITIONS = (
					"DEBUG=1",
					"$(inherited)",
				);
				GCC_WARN_64_TO_32_BIT_CONVERSION = YES;
				GCC_WARN_ABOUT_RETURN_TYPE = YES_ERROR;
				GCC_WARN_UNDECLARED_SELECTOR = YES;
				GCC_WARN_UNINITIALIZED_AUTOS = YES_AGGRESSIVE;
				GCC_WARN_UNUSED_FUNCTION = YES;
				GCC_WARN_UNUSED_VARIABLE = YES;
				IPHONEOS_DEPLOYMENT_TARGET = 15.2;
				MTL_ENABLE_DEBUG_INFO = INCLUDE_SOURCE;
				MTL_FAST_MATH = YES;
				ONLY_ACTIVE_ARCH = YES;
				SDKROOT = iphoneos;
				SWIFT_ACTIVE_COMPILATION_CONDITIONS = DEBUG;
				SWIFT_OPTIMIZATION_LEVEL = "-Onone";
			};
			name = Debug;
		};
		7D73896B27D4C74C00993B41 /* Release */ = {
			isa = XCBuildConfiguration;
			buildSettings = {
				ALWAYS_SEARCH_USER_PATHS = NO;
				CLANG_ANALYZER_NONNULL = YES;
				CLANG_ANALYZER_NUMBER_OBJECT_CONVERSION = YES_AGGRESSIVE;
				CLANG_CXX_LANGUAGE_STANDARD = "gnu++17";
				CLANG_CXX_LIBRARY = "libc++";
				CLANG_ENABLE_MODULES = YES;
				CLANG_ENABLE_OBJC_ARC = YES;
				CLANG_ENABLE_OBJC_WEAK = YES;
				CLANG_WARN_BLOCK_CAPTURE_AUTORELEASING = YES;
				CLANG_WARN_BOOL_CONVERSION = YES;
				CLANG_WARN_COMMA = YES;
				CLANG_WARN_CONSTANT_CONVERSION = YES;
				CLANG_WARN_DEPRECATED_OBJC_IMPLEMENTATIONS = YES;
				CLANG_WARN_DIRECT_OBJC_ISA_USAGE = YES_ERROR;
				CLANG_WARN_DOCUMENTATION_COMMENTS = YES;
				CLANG_WARN_EMPTY_BODY = YES;
				CLANG_WARN_ENUM_CONVERSION = YES;
				CLANG_WARN_INFINITE_RECURSION = YES;
				CLANG_WARN_INT_CONVERSION = YES;
				CLANG_WARN_NON_LITERAL_NULL_CONVERSION = YES;
				CLANG_WARN_OBJC_IMPLICIT_RETAIN_SELF = YES;
				CLANG_WARN_OBJC_LITERAL_CONVERSION = YES;
				CLANG_WARN_OBJC_ROOT_CLASS = YES_ERROR;
				CLANG_WARN_QUOTED_INCLUDE_IN_FRAMEWORK_HEADER = YES;
				CLANG_WARN_RANGE_LOOP_ANALYSIS = YES;
				CLANG_WARN_STRICT_PROTOTYPES = YES;
				CLANG_WARN_SUSPICIOUS_MOVE = YES;
				CLANG_WARN_UNGUARDED_AVAILABILITY = YES_AGGRESSIVE;
				CLANG_WARN_UNREACHABLE_CODE = YES;
				CLANG_WARN__DUPLICATE_METHOD_MATCH = YES;
				COPY_PHASE_STRIP = NO;
				DEBUG_INFORMATION_FORMAT = "dwarf-with-dsym";
				ENABLE_NS_ASSERTIONS = NO;
				ENABLE_STRICT_OBJC_MSGSEND = YES;
				GCC_C_LANGUAGE_STANDARD = gnu11;
				GCC_NO_COMMON_BLOCKS = YES;
				GCC_WARN_64_TO_32_BIT_CONVERSION = YES;
				GCC_WARN_ABOUT_RETURN_TYPE = YES_ERROR;
				GCC_WARN_UNDECLARED_SELECTOR = YES;
				GCC_WARN_UNINITIALIZED_AUTOS = YES_AGGRESSIVE;
				GCC_WARN_UNUSED_FUNCTION = YES;
				GCC_WARN_UNUSED_VARIABLE = YES;
				IPHONEOS_DEPLOYMENT_TARGET = 15.2;
				MTL_ENABLE_DEBUG_INFO = NO;
				MTL_FAST_MATH = YES;
				SDKROOT = iphoneos;
				SWIFT_COMPILATION_MODE = wholemodule;
				SWIFT_OPTIMIZATION_LEVEL = "-O";
				VALIDATE_PRODUCT = YES;
			};
			name = Release;
		};
		7D73896D27D4C74C00993B41 /* Debug */ = {
			isa = XCBuildConfiguration;
			buildSettings = {
				ASSETCATALOG_COMPILER_APPICON_NAME = AppIcon;
				ASSETCATALOG_COMPILER_GLOBAL_ACCENT_COLOR_NAME = AccentColor;
				CODE_SIGN_STYLE = Automatic;
				CURRENT_PROJECT_VERSION = 1;
				DEVELOPMENT_ASSET_PATHS = "\"StartLogo/Preview Content\"";
				ENABLE_PREVIEWS = YES;
				GENERATE_INFOPLIST_FILE = YES;
				INFOPLIST_KEY_UIApplicationSceneManifest_Generation = YES;
				INFOPLIST_KEY_UIApplicationSupportsIndirectInputEvents = YES;
				INFOPLIST_KEY_UILaunchScreen_Generation = YES;
				INFOPLIST_KEY_UISupportedInterfaceOrientations_iPad = "UIInterfaceOrientationPortrait UIInterfaceOrientationPortraitUpsideDown UIInterfaceOrientationLandscapeLeft UIInterfaceOrientationLandscapeRight";
				INFOPLIST_KEY_UISupportedInterfaceOrientations_iPhone = "UIInterfaceOrientationPortrait UIInterfaceOrientationLandscapeLeft UIInterfaceOrientationLandscapeRight";
				LD_RUNPATH_SEARCH_PATHS = (
					"$(inherited)",
					"@executable_path/Frameworks",
				);
				MARKETING_VERSION = 1.0;
				PRODUCT_BUNDLE_IDENTIFIER = self.StartLogo;
				PRODUCT_NAME = "$(TARGET_NAME)";
				SWIFT_EMIT_LOC_STRINGS = YES;
				SWIFT_VERSION = 5.0;
				TARGETED_DEVICE_FAMILY = "1,2";
			};
			name = Debug;
		};
		7D73896E27D4C74C00993B41 /* Release */ = {
			isa = XCBuildConfiguration;
			buildSettings = {
				ASSETCATALOG_COMPILER_APPICON_NAME = AppIcon;
				ASSETCATALOG_COMPILER_GLOBAL_ACCENT_COLOR_NAME = AccentColor;
				CODE_SIGN_STYLE = Automatic;
				CURRENT_PROJECT_VERSION = 1;
				DEVELOPMENT_ASSET_PATHS = "\"StartLogo/Preview Content\"";
				ENABLE_PREVIEWS = YES;
				GENERATE_INFOPLIST_FILE = YES;
				INFOPLIST_KEY_UIApplicationSceneManifest_Generation = YES;
				INFOPLIST_KEY_UIApplicationSupportsIndirectInputEvents = YES;
				INFOPLIST_KEY_UILaunchScreen_Generation = YES;
				INFOPLIST_KEY_UISupportedInterfaceOrientations_iPad = "UIInterfaceOrientationPortrait UIInterfaceOrientationPortraitUpsideDown UIInterfaceOrientationLandscapeLeft UIInterfaceOrientationLandscapeRight";
				INFOPLIST_KEY_UISupportedInterfaceOrientations_iPhone = "UIInterfaceOrientationPortrait UIInterfaceOrientationLandscapeLeft UIInterfaceOrientationLandscapeRight";
				LD_RUNPATH_SEARCH_PATHS = (
					"$(inherited)",
					"@executable_path/Frameworks",
				);
				MARKETING_VERSION = 1.0;
				PRODUCT_BUNDLE_IDENTIFIER = self.StartLogo;
				PRODUCT_NAME = "$(TARGET_NAME)";
				SWIFT_EMIT_LOC_STRINGS = YES;
				SWIFT_VERSION = 5.0;
				TARGETED_DEVICE_FAMILY = "1,2";
			};
			name = Release;
		};
/* End XCBuildConfiguration section */

/* Begin XCConfigurationList section */
		7D73895927D4C74B00993B41 /* Build configuration list for PBXProject "StartLogo" */ = {
			isa = XCConfigurationList;
			buildConfigurations = (
				7D73896A27D4C74C00993B41 /* Debug */,
				7D73896B27D4C74C00993B41 /* Release */,
			);
			defaultConfigurationIsVisible = 0;
			defaultConfigurationName = Release;
		};
		7D73896C27D4C74C00993B41 /* Build configuration list for PBXNativeTarget "StartLogo" */ = {
			isa = XCConfigurationList;
			buildConfigurations = (
				7D73896D27D4C74C00993B41 /* Debug */,
				7D73896E27D4C74C00993B41 /* Release */,
			);
			defaultConfigurationIsVisible = 0;
			defaultConfigurationName = Release;
		};
/* End XCConfigurationList section */
	};
	rootObject = 7D73895627D4C74B00993B41 /* Project object */;
}
